
Microsoft Visual Studio Solution File, Format Version 12.00
# Visual Studio 15
Project("{FAE04EC0-301F-11D3-BF4B-00C04F79EFBC}") = "UsingIo", "UsingIo\UsingIo.csproj", "{2E6B14E8-8DC4-47BC-9BAB-71C232746216}"
EndProject
Global
	GlobalSection(SolutionConfigurationPlatforms) = preSolution
		Debug|Any CPU = Debug|Any CPU
		Release|Any CPU = Release|Any CPU
	EndGlobalSection
	GlobalSection(ProjectConfigurationPlatforms) = postSolution
		{2E6B14E8-8DC4-47BC-9BAB-71C232746216}.Debug|Any CPU.ActiveCfg = Debug|Any CPU
		{2E6B14E8-8DC4-47BC-9BAB-71C232746216}.Debug|Any CPU.Build.0 = Debug|Any CPU
		{2E6B14E8-8DC4-47BC-9BAB-71C232746216}.Release|Any CPU.ActiveCfg = Release|Any CPU
		{2E6B14E8-8DC4-47BC-9BAB-71C232746216}.Release|Any CPU.Build.0 = Release|Any CPU
	EndGlobalSection
EndGlobal
